
Microsoft Visual Studio Solution File, Format Version 12.00
# Visual Studio Version 17
VisualStudioVersion = 17.3.32519.111
MinimumVisualStudioVersion = 10.0.40219.1
Project("{9A19103F-16F7-4668-BE54-9A1E7A4F7556}") = "SujaySarma.WebAPI.AirportFinder", "SujaySarma.WebAPI.AirportFinder.csproj", "{701F6EC1-CDCD-4A04-9191-3F9069CAA7F6}"
EndProject
Global
	GlobalSection(SolutionConfigurationPlatforms) = preSolution
		Debug|Any CPU = Debug|Any CPU
		Release|Any CPU = Release|Any CPU
	EndGlobalSection
	GlobalSection(ProjectConfigurationPlatforms) = postSolution
		{701F6EC1-CDCD-4A04-9191-3F9069CAA7F6}.Debug|Any CPU.ActiveCfg = Debug|Any CPU
		{701F6EC1-CDCD-4A04-9191-3F9069CAA7F6}.Debug|Any CPU.Build.0 = Debug|Any CPU
		{701F6EC1-CDCD-4A04-9191-3F9069CAA7F6}.Release|Any CPU.ActiveCfg = Release|Any CPU
		{701F6EC1-CDCD-4A04-9191-3F9069CAA7F6}.Release|Any CPU.Build.0 = Release|Any CPU
	EndGlobalSection
	GlobalSection(SolutionProperties) = preSolution
		HideSolutionNode = FALSE
	EndGlobalSection
	GlobalSection(ExtensibilityGlobals) = postSolution
		SolutionGuid = {A7B6ED0A-89C0-4409-9A98-0D1E65B5A4A0}
	EndGlobalSection
EndGlobal
