
Microsoft Visual Studio Solution File, Format Version 12.00
# Visual Studio Version 17
VisualStudioVersion = 17.2.32519.379
MinimumVisualStudioVersion = 10.0.40219.1
Project("{9A19103F-16F7-4668-BE54-9A1E7A4F7556}") = "SujaySarma.Web.TravelWeb", "SujaySarma.Web.TravelWeb.csproj", "{C1043B25-172E-41ED-AE17-08CE6F1F8FD3}"
EndProject
Global
	GlobalSection(SolutionConfigurationPlatforms) = preSolution
		Debug|Any CPU = Debug|Any CPU
		Release|Any CPU = Release|Any CPU
	EndGlobalSection
	GlobalSection(ProjectConfigurationPlatforms) = postSolution
		{C1043B25-172E-41ED-AE17-08CE6F1F8FD3}.Debug|Any CPU.ActiveCfg = Debug|Any CPU
		{C1043B25-172E-41ED-AE17-08CE6F1F8FD3}.Debug|Any CPU.Build.0 = Debug|Any CPU
		{C1043B25-172E-41ED-AE17-08CE6F1F8FD3}.Release|Any CPU.ActiveCfg = Release|Any CPU
		{C1043B25-172E-41ED-AE17-08CE6F1F8FD3}.Release|Any CPU.Build.0 = Release|Any CPU
	EndGlobalSection
	GlobalSection(SolutionProperties) = preSolution
		HideSolutionNode = FALSE
	EndGlobalSection
	GlobalSection(ExtensibilityGlobals) = postSolution
		SolutionGuid = {6F556A42-998C-4769-A247-755009E380DF}
	EndGlobalSection
EndGlobal
